// !$*UTF8*$!
{
	archiveVersion = 1;
	classes = {
	};
	objectVersion = 50;
	objects = {

/* Begin PBXBuildFile section */
		383870932515E8F000596291 /* AppDelegate.swift in Sources */ = {isa = PBXBuildFile; fileRef = 383870922515E8F000596291 /* AppDelegate.swift */; };
		383870952515E8F000596291 /* SceneDelegate.swift in Sources */ = {isa = PBXBuildFile; fileRef = 383870942515E8F000596291 /* SceneDelegate.swift */; };
		383870972515E8F000596291 /* ViewController.swift in Sources */ = {isa = PBXBuildFile; fileRef = 383870962515E8F000596291 /* ViewController.swift */; };
		3838709A2515E8F000596291 /* Main.storyboard in Resources */ = {isa = PBXBuildFile; fileRef = 383870982515E8F000596291 /* Main.storyboard */; };
		3838709C2515E8F200596291 /* Assets.xcassets in Resources */ = {isa = PBXBuildFile; fileRef = 3838709B2515E8F200596291 /* Assets.xcassets */; };
		3838709F2515E8F200596291 /* LaunchScreen.storyboard in Resources */ = {isa = PBXBuildFile; fileRef = 3838709D2515E8F200596291 /* LaunchScreen.storyboard */; };
		383870AA2515E8F300596291 /* ToDoTests.swift in Sources */ = {isa = PBXBuildFile; fileRef = 383870A92515E8F300596291 /* ToDoTests.swift */; };
		383870B52515E8F300596291 /* ToDoUITests.swift in Sources */ = {isa = PBXBuildFile; fileRef = 383870B42515E8F300596291 /* ToDoUITests.swift */; };
		383870C72517A72200596291 /* ToDoViewController.swift in Sources */ = {isa = PBXBuildFile; fileRef = 383870C62517A72200596291 /* ToDoViewController.swift */; };
		383870CF2517A73C00596291 /* ToDoViewController.storyboard in Resources */ = {isa = PBXBuildFile; fileRef = 383870CE2517A73C00596291 /* ToDoViewController.storyboard */; };
		383870DA251F8B2000596291 /* AddToDoViewController.swift in Sources */ = {isa = PBXBuildFile; fileRef = 383870D9251F8B2000596291 /* AddToDoViewController.swift */; };
/* End PBXBuildFile section */

/* Begin PBXContainerItemProxy section */
		383870A62515E8F300596291 /* PBXContainerItemProxy */ = {
			isa = PBXContainerItemProxy;
			containerPortal = 383870872515E8F000596291 /* Project object */;
			proxyType = 1;
			remoteGlobalIDString = 3838708E2515E8F000596291;
			remoteInfo = ToDo;
		};
		383870B12515E8F300596291 /* PBXContainerItemProxy */ = {
			isa = PBXContainerItemProxy;
			containerPortal = 383870872515E8F000596291 /* Project object */;
			proxyType = 1;
			remoteGlobalIDString = 3838708E2515E8F000596291;
			remoteInfo = ToDo;
		};
/* End PBXContainerItemProxy section */

/* Begin PBXFileReference section */
		3838708F2515E8F000596291 /* ToDo.app */ = {isa = PBXFileReference; explicitFileType = wrapper.application; includeInIndex = 0; path = ToDo.app; sourceTree = BUILT_PRODUCTS_DIR; };
		383870922515E8F000596291 /* AppDelegate.swift */ = {isa = PBXFileReference; lastKnownFileType = sourcecode.swift; path = AppDelegate.swift; sourceTree = "<group>"; };
		383870942515E8F000596291 /* SceneDelegate.swift */ = {isa = PBXFileReference; lastKnownFileType = sourcecode.swift; path = SceneDelegate.swift; sourceTree = "<group>"; };
		383870962515E8F000596291 /* ViewController.swift */ = {isa = PBXFileReference; lastKnownFileType = sourcecode.swift; path = ViewController.swift; sourceTree = "<group>"; };
		383870992515E8F000596291 /* Base */ = {isa = PBXFileReference; lastKnownFileType = file.storyboard; name = Base; path = Base.lproj/Main.storyboard; sourceTree = "<group>"; };
		3838709B2515E8F200596291 /* Assets.xcassets */ = {isa = PBXFileReference; lastKnownFileType = folder.assetcatalog; path = Assets.xcassets; sourceTree = "<group>"; };
		3838709E2515E8F200596291 /* Base */ = {isa = PBXFileReference; lastKnownFileType = file.storyboard; name = Base; path = Base.lproj/LaunchScreen.storyboard; sourceTree = "<group>"; };
		383870A02515E8F200596291 /* Info.plist */ = {isa = PBXFileReference; lastKnownFileType = text.plist.xml; path = Info.plist; sourceTree = "<group>"; };
		383870A52515E8F300596291 /* ToDoTests.xctest */ = {isa = PBXFileReference; explicitFileType = wrapper.cfbundle; includeInIndex = 0; path = ToDoTests.xctest; sourceTree = BUILT_PRODUCTS_DIR; };
		383870A92515E8F300596291 /* ToDoTests.swift */ = {isa = PBXFileReference; lastKnownFileType = sourcecode.swift; path = ToDoTests.swift; sourceTree = "<group>"; };
		383870AB2515E8F300596291 /* Info.plist */ = {isa = PBXFileReference; lastKnownFileType = text.plist.xml; path = Info.plist; sourceTree = "<group>"; };
		383870B02515E8F300596291 /* ToDoUITests.xctest */ = {isa = PBXFileReference; explicitFileType = wrapper.cfbundle; includeInIndex = 0; path = ToDoUITests.xctest; sourceTree = BUILT_PRODUCTS_DIR; };
		383870B42515E8F300596291 /* ToDoUITests.swift */ = {isa = PBXFileReference; lastKnownFileType = sourcecode.swift; path = ToDoUITests.swift; sourceTree = "<group>"; };
		383870B62515E8F300596291 /* Info.plist */ = {isa = PBXFileReference; lastKnownFileType = text.plist.xml; path = Info.plist; sourceTree = "<group>"; };
		383870C62517A72200596291 /* ToDoViewController.swift */ = {isa = PBXFileReference; lastKnownFileType = sourcecode.swift; path = ToDoViewController.swift; sourceTree = "<group>"; };
		383870CE2517A73C00596291 /* ToDoViewController.storyboard */ = {isa = PBXFileReference; lastKnownFileType = file.storyboard; path = ToDoViewController.storyboard; sourceTree = "<group>"; };
		383870D9251F8B2000596291 /* AddToDoViewController.swift */ = {isa = PBXFileReference; lastKnownFileType = sourcecode.swift; path = AddToDoViewController.swift; sourceTree = "<group>"; };
/* End PBXFileReference section */

/* Begin PBXFrameworksBuildPhase section */
		3838708C2515E8F000596291 /* Frameworks */ = {
			isa = PBXFrameworksBuildPhase;
			buildActionMask = 2147483647;
			files = (
			);
			runOnlyForDeploymentPostprocessing = 0;
		};
		383870A22515E8F300596291 /* Frameworks */ = {
			isa = PBXFrameworksBuildPhase;
			buildActionMask = 2147483647;
			files = (
			);
			runOnlyForDeploymentPostprocessing = 0;
		};
		383870AD2515E8F300596291 /* Frameworks */ = {
			isa = PBXFrameworksBuildPhase;
			buildActionMask = 2147483647;
			files = (
			);
			runOnlyForDeploymentPostprocessing = 0;
		};
/* End PBXFrameworksBuildPhase section */

/* Begin PBXGroup section */
		383870862515E8F000596291 = {
			isa = PBXGroup;
			children = (
				383870912515E8F000596291 /* ToDo */,
				383870A82515E8F300596291 /* ToDoTests */,
				383870B32515E8F300596291 /* ToDoUITests */,
				383870902515E8F000596291 /* Products */,
			);
			sourceTree = "<group>";
		};
		383870902515E8F000596291 /* Products */ = {
			isa = PBXGroup;
			children = (
				3838708F2515E8F000596291 /* ToDo.app */,
				383870A52515E8F300596291 /* ToDoTests.xctest */,
				383870B02515E8F300596291 /* ToDoUITests.xctest */,
			);
			name = Products;
			sourceTree = "<group>";
		};
		383870912515E8F000596291 /* ToDo */ = {
			isa = PBXGroup;
			children = (
				383870C52517A6FE00596291 /* ToDo */,
				383870922515E8F000596291 /* AppDelegate.swift */,
				383870942515E8F000596291 /* SceneDelegate.swift */,
				383870962515E8F000596291 /* ViewController.swift */,
				383870982515E8F000596291 /* Main.storyboard */,
				3838709B2515E8F200596291 /* Assets.xcassets */,
				3838709D2515E8F200596291 /* LaunchScreen.storyboard */,
				383870A02515E8F200596291 /* Info.plist */,
			);
			path = ToDo;
			sourceTree = "<group>";
		};
		383870A82515E8F300596291 /* ToDoTests */ = {
			isa = PBXGroup;
			children = (
				383870A92515E8F300596291 /* ToDoTests.swift */,
				383870AB2515E8F300596291 /* Info.plist */,
			);
			path = ToDoTests;
			sourceTree = "<group>";
		};
		383870B32515E8F300596291 /* ToDoUITests */ = {
			isa = PBXGroup;
			children = (
				383870B42515E8F300596291 /* ToDoUITests.swift */,
				383870B62515E8F300596291 /* Info.plist */,
			);
			path = ToDoUITests;
			sourceTree = "<group>";
		};
		383870C52517A6FE00596291 /* ToDo */ = {
			isa = PBXGroup;
			children = (
				383870C62517A72200596291 /* ToDoViewController.swift */,
				383870CE2517A73C00596291 /* ToDoViewController.storyboard */,
				383870D9251F8B2000596291 /* AddToDoViewController.swift */,
			);
			path = ToDo;
			sourceTree = "<group>";
		};
/* End PBXGroup section */

/* Begin PBXNativeTarget section */
		3838708E2515E8F000596291 /* ToDo */ = {
			isa = PBXNativeTarget;
			buildConfigurationList = 383870B92515E8F300596291 /* Build configuration list for PBXNativeTarget "ToDo" */;
			buildPhases = (
				3838708B2515E8F000596291 /* Sources */,
				3838708C2515E8F000596291 /* Frameworks */,
				3838708D2515E8F000596291 /* Resources */,
			);
			buildRules = (
			);
			dependencies = (
			);
			name = ToDo;
			productName = ToDo;
			productReference = 3838708F2515E8F000596291 /* ToDo.app */;
			productType = "com.apple.product-type.application";
		};
		383870A42515E8F300596291 /* ToDoTests */ = {
			isa = PBXNativeTarget;
			buildConfigurationList = 383870BC2515E8F300596291 /* Build configuration list for PBXNativeTarget "ToDoTests" */;
			buildPhases = (
				383870A12515E8F300596291 /* Sources */,
				383870A22515E8F300596291 /* Frameworks */,
				383870A32515E8F300596291 /* Resources */,
			);
			buildRules = (
			);
			dependencies = (
				383870A72515E8F300596291 /* PBXTargetDependency */,
			);
			name = ToDoTests;
			productName = ToDoTests;
			productReference = 383870A52515E8F300596291 /* ToDoTests.xctest */;
			productType = "com.apple.product-type.bundle.unit-test";
		};
		383870AF2515E8F300596291 /* ToDoUITests */ = {
			isa = PBXNativeTarget;
			buildConfigurationList = 383870BF2515E8F300596291 /* Build configuration list for PBXNativeTarget "ToDoUITests" */;
			buildPhases = (
				383870AC2515E8F300596291 /* Sources */,
				383870AD2515E8F300596291 /* Frameworks */,
				383870AE2515E8F300596291 /* Resources */,
			);
			buildRules = (
			);
			dependencies = (
				383870B22515E8F300596291 /* PBXTargetDependency */,
			);
			name = ToDoUITests;
			productName = ToDoUITests;
			productReference = 383870B02515E8F300596291 /* ToDoUITests.xctest */;
			productType = "com.apple.product-type.bundle.ui-testing";
		};
/* End PBXNativeTarget section */

/* Begin PBXProject section */
		383870872515E8F000596291 /* Project object */ = {
			isa = PBXProject;
			attributes = {
				LastSwiftUpdateCheck = 1200;
				LastUpgradeCheck = 1200;
				TargetAttributes = {
					3838708E2515E8F000596291 = {
						CreatedOnToolsVersion = 12.0;
					};
					383870A42515E8F300596291 = {
						CreatedOnToolsVersion = 12.0;
						TestTargetID = 3838708E2515E8F000596291;
					};
					383870AF2515E8F300596291 = {
						CreatedOnToolsVersion = 12.0;
						TestTargetID = 3838708E2515E8F000596291;
					};
				};
			};
			buildConfigurationList = 3838708A2515E8F000596291 /* Build configuration list for PBXProject "ToDo" */;
			compatibilityVersion = "Xcode 9.3";
			developmentRegion = en;
			hasScannedForEncodings = 0;
			knownRegions = (
				en,
				Base,
			);
			mainGroup = 383870862515E8F000596291;
			productRefGroup = 383870902515E8F000596291 /* Products */;
			projectDirPath = "";
			projectRoot = "";
			targets = (
				3838708E2515E8F000596291 /* ToDo */,
				383870A42515E8F300596291 /* ToDoTests */,
				383870AF2515E8F300596291 /* ToDoUITests */,
			);
		};
/* End PBXProject section */

/* Begin PBXResourcesBuildPhase section */
		3838708D2515E8F000596291 /* Resources */ = {
			isa = PBXResourcesBuildPhase;
			buildActionMask = 2147483647;
			files = (
				3838709F2515E8F200596291 /* LaunchScreen.storyboard in Resources */,
				383870CF2517A73C00596291 /* ToDoViewController.storyboard in Resources */,
				3838709C2515E8F200596291 /* Assets.xcassets in Resources */,
				3838709A2515E8F000596291 /* Main.storyboard in Resources */,
			);
			runOnlyForDeploymentPostprocessing = 0;
		};
		383870A32515E8F300596291 /* Resources */ = {
			isa = PBXResourcesBuildPhase;
			buildActionMask = 2147483647;
			files = (
			);
			runOnlyForDeploymentPostprocessing = 0;
		};
		383870AE2515E8F300596291 /* Resources */ = {
			isa = PBXResourcesBuildPhase;
			buildActionMask = 2147483647;
			files = (
			);
			runOnlyForDeploymentPostprocessing = 0;
		};
/* End PBXResourcesBuildPhase section */

/* Begin PBXSourcesBuildPhase section */
		3838708B2515E8F000596291 /* Sources */ = {
			isa = PBXSourcesBuildPhase;
			buildActionMask = 2147483647;
			files = (
				383870C72517A72200596291 /* ToDoViewController.swift in Sources */,
				383870972515E8F000596291 /* ViewController.swift in Sources */,
				383870DA251F8B2000596291 /* AddToDoViewController.swift in Sources */,
				383870932515E8F000596291 /* AppDelegate.swift in Sources */,
				383870952515E8F000596291 /* SceneDelegate.swift in Sources */,
			);
			runOnlyForDeploymentPostprocessing = 0;
		};
		383870A12515E8F300596291 /* Sources */ = {
			isa = PBXSourcesBuildPhase;
			buildActionMask = 2147483647;
			files = (
				383870AA2515E8F300596291 /* ToDoTests.swift in Sources */,
			);
			runOnlyForDeploymentPostprocessing = 0;
		};
		383870AC2515E8F300596291 /* Sources */ = {
			isa = PBXSourcesBuildPhase;
			buildActionMask = 2147483647;
			files = (
				383870B52515E8F300596291 /* ToDoUITests.swift in Sources */,
			);
			runOnlyForDeploymentPostprocessing = 0;
		};
/* End PBXSourcesBuildPhase section */

/* Begin PBXTargetDependency section */
		383870A72515E8F300596291 /* PBXTargetDependency */ = {
			isa = PBXTargetDependency;
			target = 3838708E2515E8F000596291 /* ToDo */;
			targetProxy = 383870A62515E8F300596291 /* PBXContainerItemProxy */;
		};
		383870B22515E8F300596291 /* PBXTargetDependency */ = {
			isa = PBXTargetDependency;
			target = 3838708E2515E8F000596291 /* ToDo */;
			targetProxy = 383870B12515E8F300596291 /* PBXContainerItemProxy */;
		};
/* End PBXTargetDependency section */

/* Begin PBXVariantGroup section */
		383870982515E8F000596291 /* Main.storyboard */ = {
			isa = PBXVariantGroup;
			children = (
				383870992515E8F000596291 /* Base */,
			);
			name = Main.storyboard;
			sourceTree = "<group>";
		};
		3838709D2515E8F200596291 /* LaunchScreen.storyboard */ = {
			isa = PBXVariantGroup;
			children = (
				3838709E2515E8F200596291 /* Base */,
			);
			name = LaunchScreen.storyboard;
			sourceTree = "<group>";
		};
/* End PBXVariantGroup section */

/* Begin XCBuildConfiguration section */
		383870B72515E8F300596291 /* Debug */ = {
			isa = XCBuildConfiguration;
			buildSettings = {
				ALWAYS_SEARCH_USER_PATHS = NO;
				CLANG_ANALYZER_NONNULL = YES;
				CLANG_ANALYZER_NUMBER_OBJECT_CONVERSION = YES_AGGRESSIVE;
				CLANG_CXX_LANGUAGE_STANDARD = "gnu++14";
				CLANG_CXX_LIBRARY = "libc++";
				CLANG_ENABLE_MODULES = YES;
				CLANG_ENABLE_OBJC_ARC = YES;
				CLANG_ENABLE_OBJC_WEAK = YES;
				CLANG_WARN_BLOCK_CAPTURE_AUTORELEASING = YES;
				CLANG_WARN_BOOL_CONVERSION = YES;
				CLANG_WARN_COMMA = YES;
				CLANG_WARN_CONSTANT_CONVERSION = YES;
				CLANG_WARN_DEPRECATED_OBJC_IMPLEMENTATIONS = YES;
				CLANG_WARN_DIRECT_OBJC_ISA_USAGE = YES_ERROR;
				CLANG_WARN_DOCUMENTATION_COMMENTS = YES;
				CLANG_WARN_EMPTY_BODY = YES;
				CLANG_WARN_ENUM_CONVERSION = YES;
				CLANG_WARN_INFINITE_RECURSION = YES;
				CLANG_WARN_INT_CONVERSION = YES;
				CLANG_WARN_NON_LITERAL_NULL_CONVERSION = YES;
				CLANG_WARN_OBJC_IMPLICIT_RETAIN_SELF = YES;
				CLANG_WARN_OBJC_LITERAL_CONVERSION = YES;
				CLANG_WARN_OBJC_ROOT_CLASS = YES_ERROR;
				CLANG_WARN_QUOTED_INCLUDE_IN_FRAMEWORK_HEADER = YES;
				CLANG_WARN_RANGE_LOOP_ANALYSIS = YES;
				CLANG_WARN_STRICT_PROTOTYPES = YES;
				CLANG_WARN_SUSPICIOUS_MOVE = YES;
				CLANG_WARN_UNGUARDED_AVAILABILITY = YES_AGGRESSIVE;
				CLANG_WARN_UNREACHABLE_CODE = YES;
				CLANG_WARN__DUPLICATE_METHOD_MATCH = YES;
				COPY_PHASE_STRIP = NO;
				DEBUG_INFORMATION_FORMAT = dwarf;
				ENABLE_STRICT_OBJC_MSGSEND = YES;
				ENABLE_TESTABILITY = YES;
				GCC_C_LANGUAGE_STANDARD = gnu11;
				GCC_DYNAMIC_NO_PIC = NO;
				GCC_NO_COMMON_BLOCKS = YES;
				GCC_OPTIMIZATION_LEVEL = 0;
				GCC_PREPROCESSOR_DEFINITIONS = (
					"DEBUG=1",
					"$(inherited)",
				);
				GCC_WARN_64_TO_32_BIT_CONVERSION = YES;
				GCC_WARN_ABOUT_RETURN_TYPE = YES_ERROR;
				GCC_WARN_UNDECLARED_SELECTOR = YES;
				GCC_WARN_UNINITIALIZED_AUTOS = YES_AGGRESSIVE;
				GCC_WARN_UNUSED_FUNCTION = YES;
				GCC_WARN_UNUSED_VARIABLE = YES;
				IPHONEOS_DEPLOYMENT_TARGET = 14.0;
				MTL_ENABLE_DEBUG_INFO = INCLUDE_SOURCE;
				MTL_FAST_MATH = YES;
				ONLY_ACTIVE_ARCH = YES;
				SDKROOT = iphoneos;
				SWIFT_ACTIVE_COMPILATION_CONDITIONS = DEBUG;
				SWIFT_OPTIMIZATION_LEVEL = "-Onone";
			};
			name = Debug;
		};
		383870B82515E8F300596291 /* Release */ = {
			isa = XCBuildConfiguration;
			buildSettings = {
				ALWAYS_SEARCH_USER_PATHS = NO;
				CLANG_ANALYZER_NONNULL = YES;
				CLANG_ANALYZER_NUMBER_OBJECT_CONVERSION = YES_AGGRESSIVE;
				CLANG_CXX_LANGUAGE_STANDARD = "gnu++14";
				CLANG_CXX_LIBRARY = "libc++";
				CLANG_ENABLE_MODULES = YES;
				CLANG_ENABLE_OBJC_ARC = YES;
				CLANG_ENABLE_OBJC_WEAK = YES;
				CLANG_WARN_BLOCK_CAPTURE_AUTORELEASING = YES;
				CLANG_WARN_BOOL_CONVERSION = YES;
				CLANG_WARN_COMMA = YES;
				CLANG_WARN_CONSTANT_CONVERSION = YES;
				CLANG_WARN_DEPRECATED_OBJC_IMPLEMENTATIONS = YES;
				CLANG_WARN_DIRECT_OBJC_ISA_USAGE = YES_ERROR;
				CLANG_WARN_DOCUMENTATION_COMMENTS = YES;
				CLANG_WARN_EMPTY_BODY = YES;
				CLANG_WARN_ENUM_CONVERSION = YES;
				CLANG_WARN_INFINITE_RECURSION = YES;
				CLANG_WARN_INT_CONVERSION = YES;
				CLANG_WARN_NON_LITERAL_NULL_CONVERSION = YES;
				CLANG_WARN_OBJC_IMPLICIT_RETAIN_SELF = YES;
				CLANG_WARN_OBJC_LITERAL_CONVERSION = YES;
				CLANG_WARN_OBJC_ROOT_CLASS = YES_ERROR;
				CLANG_WARN_QUOTED_INCLUDE_IN_FRAMEWORK_HEADER = YES;
				CLANG_WARN_RANGE_LOOP_ANALYSIS = YES;
				CLANG_WARN_STRICT_PROTOTYPES = YES;
				CLANG_WARN_SUSPICIOUS_MOVE = YES;
				CLANG_WARN_UNGUARDED_AVAILABILITY = YES_AGGRESSIVE;
				CLANG_WARN_UNREACHABLE_CODE = YES;
				CLANG_WARN__DUPLICATE_METHOD_MATCH = YES;
				COPY_PHASE_STRIP = NO;
				DEBUG_INFORMATION_FORMAT = "dwarf-with-dsym";
				ENABLE_NS_ASSERTIONS = NO;
				ENABLE_STRICT_OBJC_MSGSEND = YES;
				GCC_C_LANGUAGE_STANDARD = gnu11;
				GCC_NO_COMMON_BLOCKS = YES;
				GCC_WARN_64_TO_32_BIT_CONVERSION = YES;
				GCC_WARN_ABOUT_RETURN_TYPE = YES_ERROR;
				GCC_WARN_UNDECLARED_SELECTOR = YES;
				GCC_WARN_UNINITIALIZED_AUTOS = YES_AGGRESSIVE;
				GCC_WARN_UNUSED_FUNCTION = YES;
				GCC_WARN_UNUSED_VARIABLE = YES;
				IPHONEOS_DEPLOYMENT_TARGET = 14.0;
				MTL_ENABLE_DEBUG_INFO = NO;
				MTL_FAST_MATH = YES;
				SDKROOT = iphoneos;
				SWIFT_COMPILATION_MODE = wholemodule;
				SWIFT_OPTIMIZATION_LEVEL = "-O";
				VALIDATE_PRODUCT = YES;
			};
			name = Release;
		};
		383870BA2515E8F300596291 /* Debug */ = {
			isa = XCBuildConfiguration;
			buildSettings = {
				ASSETCATALOG_COMPILER_APPICON_NAME = AppIcon;
				ASSETCATALOG_COMPILER_GLOBAL_ACCENT_COLOR_NAME = AccentColor;
				CODE_SIGN_STYLE = Automatic;
				DEVELOPMENT_TEAM = 5JW9RR8FC8;
				INFOPLIST_FILE = ToDo/Info.plist;
				IPHONEOS_DEPLOYMENT_TARGET = 14.0;
				LD_RUNPATH_SEARCH_PATHS = (
					"$(inherited)",
					"@executable_path/Frameworks",
				);
				PRODUCT_BUNDLE_IDENTIFIER = com.Daisuke.ToDo;
				PRODUCT_NAME = "$(TARGET_NAME)";
				SWIFT_VERSION = 5.0;
				TARGETED_DEVICE_FAMILY = "1,2";
			};
			name = Debug;
		};
		383870BB2515E8F300596291 /* Release */ = {
			isa = XCBuildConfiguration;
			buildSettings = {
				ASSETCATALOG_COMPILER_APPICON_NAME = AppIcon;
				ASSETCATALOG_COMPILER_GLOBAL_ACCENT_COLOR_NAME = AccentColor;
				CODE_SIGN_STYLE = Automatic;
				DEVELOPMENT_TEAM = 5JW9RR8FC8;
				INFOPLIST_FILE = ToDo/Info.plist;
				IPHONEOS_DEPLOYMENT_TARGET = 14.0;
				LD_RUNPATH_SEARCH_PATHS = (
					"$(inherited)",
					"@executable_path/Frameworks",
				);
				PRODUCT_BUNDLE_IDENTIFIER = com.Daisuke.ToDo;
				PRODUCT_NAME = "$(TARGET_NAME)";
				SWIFT_VERSION = 5.0;
				TARGETED_DEVICE_FAMILY = "1,2";
			};
			name = Release;
		};
		383870BD2515E8F300596291 /* Debug */ = {
			isa = XCBuildConfiguration;
			buildSettings = {
				ALWAYS_EMBED_SWIFT_STANDARD_LIBRARIES = YES;
				BUNDLE_LOADER = "$(TEST_HOST)";
				CODE_SIGN_STYLE = Automatic;
				DEVELOPMENT_TEAM = 5JW9RR8FC8;
				INFOPLIST_FILE = ToDoTests/Info.plist;
				IPHONEOS_DEPLOYMENT_TARGET = 14.0;
				LD_RUNPATH_SEARCH_PATHS = (
					"$(inherited)",
					"@executable_path/Frameworks",
					"@loader_path/Frameworks",
				);
				PRODUCT_BUNDLE_IDENTIFIER = com.Daisuke.ToDoTests;
				PRODUCT_NAME = "$(TARGET_NAME)";
				SWIFT_VERSION = 5.0;
				TARGETED_DEVICE_FAMILY = "1,2";
				TEST_HOST = "$(BUILT_PRODUCTS_DIR)/ToDo.app/ToDo";
			};
			name = Debug;
		};
		383870BE2515E8F300596291 /* Release */ = {
			isa = XCBuildConfiguration;
			buildSettings = {
				ALWAYS_EMBED_SWIFT_STANDARD_LIBRARIES = YES;
				BUNDLE_LOADER = "$(TEST_HOST)";
				CODE_SIGN_STYLE = Automatic;
				DEVELOPMENT_TEAM = 5JW9RR8FC8;
				INFOPLIST_FILE = ToDoTests/Info.plist;
				IPHONEOS_DEPLOYMENT_TARGET = 14.0;
				LD_RUNPATH_SEARCH_PATHS = (
					"$(inherited)",
					"@executable_path/Frameworks",
					"@loader_path/Frameworks",
				);
				PRODUCT_BUNDLE_IDENTIFIER = com.Daisuke.ToDoTests;
				PRODUCT_NAME = "$(TARGET_NAME)";
				SWIFT_VERSION = 5.0;
				TARGETED_DEVICE_FAMILY = "1,2";
				TEST_HOST = "$(BUILT_PRODUCTS_DIR)/ToDo.app/ToDo";
			};
			name = Release;
		};
		383870C02515E8F300596291 /* Debug */ = {
			isa = XCBuildConfiguration;
			buildSettings = {
				ALWAYS_EMBED_SWIFT_STANDARD_LIBRARIES = YES;
				CODE_SIGN_STYLE = Automatic;
				DEVELOPMENT_TEAM = 5JW9RR8FC8;
				INFOPLIST_FILE = ToDoUITests/Info.plist;
				LD_RUNPATH_SEARCH_PATHS = (
					"$(inherited)",
					"@executable_path/Frameworks",
					"@loader_path/Frameworks",
				);
				PRODUCT_BUNDLE_IDENTIFIER = com.Daisuke.ToDoUITests;
				PRODUCT_NAME = "$(TARGET_NAME)";
				SWIFT_VERSION = 5.0;
				TARGETED_DEVICE_FAMILY = "1,2";
				TEST_TARGET_NAME = ToDo;
			};
			name = Debug;
		};
		383870C12515E8F300596291 /* Release */ = {
			isa = XCBuildConfiguration;
			buildSettings = {
				ALWAYS_EMBED_SWIFT_STANDARD_LIBRARIES = YES;
				CODE_SIGN_STYLE = Automatic;
				DEVELOPMENT_TEAM = 5JW9RR8FC8;
				INFOPLIST_FILE = ToDoUITests/Info.plist;
				LD_RUNPATH_SEARCH_PATHS = (
					"$(inherited)",
					"@executable_path/Frameworks",
					"@loader_path/Frameworks",
				);
				PRODUCT_BUNDLE_IDENTIFIER = com.Daisuke.ToDoUITests;
				PRODUCT_NAME = "$(TARGET_NAME)";
				SWIFT_VERSION = 5.0;
				TARGETED_DEVICE_FAMILY = "1,2";
				TEST_TARGET_NAME = ToDo;
			};
			name = Release;
		};
/* End XCBuildConfiguration section */

/* Begin XCConfigurationList section */
		3838708A2515E8F000596291 /* Build configuration list for PBXProject "ToDo" */ = {
			isa = XCConfigurationList;
			buildConfigurations = (
				383870B72515E8F300596291 /* Debug */,
				383870B82515E8F300596291 /* Release */,
			);
			defaultConfigurationIsVisible = 0;
			defaultConfigurationName = Release;
		};
		383870B92515E8F300596291 /* Build configuration list for PBXNativeTarget "ToDo" */ = {
			isa = XCConfigurationList;
			buildConfigurations = (
				383870BA2515E8F300596291 /* Debug */,
				383870BB2515E8F300596291 /* Release */,
			);
			defaultConfigurationIsVisible = 0;
			defaultConfigurationName = Release;
		};
		383870BC2515E8F300596291 /* Build configuration list for PBXNativeTarget "ToDoTests" */ = {
			isa = XCConfigurationList;
			buildConfigurations = (
				383870BD2515E8F300596291 /* Debug */,
				383870BE2515E8F300596291 /* Release */,
			);
			defaultConfigurationIsVisible = 0;
			defaultConfigurationName = Release;
		};
		383870BF2515E8F300596291 /* Build configuration list for PBXNativeTarget "ToDoUITests" */ = {
			isa = XCConfigurationList;
			buildConfigurations = (
				383870C02515E8F300596291 /* Debug */,
				383870C12515E8F300596291 /* Release */,
			);
			defaultConfigurationIsVisible = 0;
			defaultConfigurationName = Release;
		};
/* End XCConfigurationList section */
	};
	rootObject = 383870872515E8F000596291 /* Project object */;
}
